{
  "name": "sentence-construction-client",
  "version": "1.0.0",
  "lockfileVersion": 3,
  "requires": true,
  "packages": {
    "": {
      "name": "sentence-construction-client",
      "version": "1.0.0",
      "dependencies": {
        "sentence-construction-client": "file:"
      }
    },
    "node_modules/sentence-construction-client": {
      "resolved": "",
      "link": true
    }
  }
}
